
Microsoft Visual Studio Solution File, Format Version 12.00
# Visual Studio 15
VisualStudioVersion = 15.0.27130.2020
MinimumVisualStudioVersion = 10.0.40219.1
Project("{8BC9CEB8-8B4A-11D0-8D11-00A0C91BC942}") = "ImageSearchEngine", "ImageSearchEngine\ImageSearchEngine.vcxproj", "{7992DC32-514C-4ECA-9821-1DFAEDA5A0ED}"
EndProject
Global
	GlobalSection(SolutionConfigurationPlatforms) = preSolution
		Debug|x64 = Debug|x64
		Debug|x86 = Debug|x86
		Release|x64 = Release|x64
		Release|x86 = Release|x86
	EndGlobalSection
	GlobalSection(ProjectConfigurationPlatforms) = postSolution
		{7992DC32-514C-4ECA-9821-1DFAEDA5A0ED}.Debug|x64.ActiveCfg = Debug|x64
		{7992DC32-514C-4ECA-9821-1DFAEDA5A0ED}.Debug|x64.Build.0 = Debug|x64
		{7992DC32-514C-4ECA-9821-1DFAEDA5A0ED}.Debug|x86.ActiveCfg = Debug|Win32
		{7992DC32-514C-4ECA-9821-1DFAEDA5A0ED}.Debug|x86.Build.0 = Debug|Win32
		{7992DC32-514C-4ECA-9821-1DFAEDA5A0ED}.Release|x64.ActiveCfg = Release|x64
		{7992DC32-514C-4ECA-9821-1DFAEDA5A0ED}.Release|x64.Build.0 = Release|x64
		{7992DC32-514C-4ECA-9821-1DFAEDA5A0ED}.Release|x86.ActiveCfg = Release|Win32
		{7992DC32-514C-4ECA-9821-1DFAEDA5A0ED}.Release|x86.Build.0 = Release|Win32
	EndGlobalSection
	GlobalSection(SolutionProperties) = preSolution
		HideSolutionNode = FALSE
	EndGlobalSection
	GlobalSection(ExtensibilityGlobals) = postSolution
		SolutionGuid = {9D30103F-F8CB-4F09-8CDB-3949ECE930C1}
	EndGlobalSection
EndGlobal
